
Microsoft Visual Studio Solution File, Format Version 12.00
# Visual Studio Version 17
VisualStudioVersion = 17.4.33110.190
MinimumVisualStudioVersion = 10.0.40219.1
Project("{FAE04EC0-301F-11D3-BF4B-00C04F79EFBC}") = "EmpleaedoM23CV", "EmpleaedoM23CV.csproj", "{78E0D301-D84A-4447-9237-A02CC47A6678}"
EndProject
Global
	GlobalSection(SolutionConfigurationPlatforms) = preSolution
		Debug|Any CPU = Debug|Any CPU
		Release|Any CPU = Release|Any CPU
	EndGlobalSection
	GlobalSection(ProjectConfigurationPlatforms) = postSolution
		{78E0D301-D84A-4447-9237-A02CC47A6678}.Debug|Any CPU.ActiveCfg = Debug|Any CPU
		{78E0D301-D84A-4447-9237-A02CC47A6678}.Debug|Any CPU.Build.0 = Debug|Any CPU
		{78E0D301-D84A-4447-9237-A02CC47A6678}.Release|Any CPU.ActiveCfg = Release|Any CPU
		{78E0D301-D84A-4447-9237-A02CC47A6678}.Release|Any CPU.Build.0 = Release|Any CPU
	EndGlobalSection
	GlobalSection(SolutionProperties) = preSolution
		HideSolutionNode = FALSE
	EndGlobalSection
	GlobalSection(ExtensibilityGlobals) = postSolution
		SolutionGuid = {7505F19F-D125-4AC2-B23D-481C48381E70}
	EndGlobalSection
EndGlobal
